// !$*UTF8*$!
{
	archiveVersion = 1;
	classes = {
	};
	objectVersion = 50;
	objects = {

/* Begin PBXBuildFile section */
		0255995A20ED19C800760841 /* Concentration.swift in Sources */ = {isa = PBXBuildFile; fileRef = 0255995920ED19C800760841 /* Concentration.swift */; };
		0255995C20ED1A7F00760841 /* Card.swift in Sources */ = {isa = PBXBuildFile; fileRef = 0255995B20ED1A7F00760841 /* Card.swift */; };
		02881DC220E7EA42007E4FC8 /* AppDelegate.swift in Sources */ = {isa = PBXBuildFile; fileRef = 02881DC120E7EA42007E4FC8 /* AppDelegate.swift */; };
		02881DC420E7EA42007E4FC8 /* ViewController.swift in Sources */ = {isa = PBXBuildFile; fileRef = 02881DC320E7EA42007E4FC8 /* ViewController.swift */; };
		02881DC720E7EA42007E4FC8 /* Main.storyboard in Resources */ = {isa = PBXBuildFile; fileRef = 02881DC520E7EA42007E4FC8 /* Main.storyboard */; };
		02881DC920E7EA43007E4FC8 /* Assets.xcassets in Resources */ = {isa = PBXBuildFile; fileRef = 02881DC820E7EA43007E4FC8 /* Assets.xcassets */; };
		02881DCC20E7EA43007E4FC8 /* LaunchScreen.storyboard in Resources */ = {isa = PBXBuildFile; fileRef = 02881DCA20E7EA43007E4FC8 /* LaunchScreen.storyboard */; };
/* End PBXBuildFile section */

/* Begin PBXFileReference section */
		0255995920ED19C800760841 /* Concentration.swift */ = {isa = PBXFileReference; lastKnownFileType = sourcecode.swift; path = Concentration.swift; sourceTree = "<group>"; };
		0255995B20ED1A7F00760841 /* Card.swift */ = {isa = PBXFileReference; lastKnownFileType = sourcecode.swift; path = Card.swift; sourceTree = "<group>"; };
		02881DBE20E7EA42007E4FC8 /* ios11-stanford.app */ = {isa = PBXFileReference; explicitFileType = wrapper.application; includeInIndex = 0; path = "ios11-stanford.app"; sourceTree = BUILT_PRODUCTS_DIR; };
		02881DC120E7EA42007E4FC8 /* AppDelegate.swift */ = {isa = PBXFileReference; lastKnownFileType = sourcecode.swift; path = AppDelegate.swift; sourceTree = "<group>"; };
		02881DC320E7EA42007E4FC8 /* ViewController.swift */ = {isa = PBXFileReference; lastKnownFileType = sourcecode.swift; path = ViewController.swift; sourceTree = "<group>"; };
		02881DC620E7EA42007E4FC8 /* Base */ = {isa = PBXFileReference; lastKnownFileType = file.storyboard; name = Base; path = Base.lproj/Main.storyboard; sourceTree = "<group>"; };
		02881DC820E7EA43007E4FC8 /* Assets.xcassets */ = {isa = PBXFileReference; lastKnownFileType = folder.assetcatalog; path = Assets.xcassets; sourceTree = "<group>"; };
		02881DCB20E7EA43007E4FC8 /* Base */ = {isa = PBXFileReference; lastKnownFileType = file.storyboard; name = Base; path = Base.lproj/LaunchScreen.storyboard; sourceTree = "<group>"; };
		02881DCD20E7EA43007E4FC8 /* Info.plist */ = {isa = PBXFileReference; lastKnownFileType = text.plist.xml; path = Info.plist; sourceTree = "<group>"; };
/* End PBXFileReference section */

/* Begin PBXFrameworksBuildPhase section */
		02881DBB20E7EA42007E4FC8 /* Frameworks */ = {
			isa = PBXFrameworksBuildPhase;
			buildActionMask = 2147483647;
			files = (
			);
			runOnlyForDeploymentPostprocessing = 0;
		};
/* End PBXFrameworksBuildPhase section */

/* Begin PBXGroup section */
		025A06C420FF8A5100A23FAC /* Controllers */ = {
			isa = PBXGroup;
			children = (
				02881DC320E7EA42007E4FC8 /* ViewController.swift */,
			);
			path = Controllers;
			sourceTree = "<group>";
		};
		025A06C520FF8A6000A23FAC /* Models */ = {
			isa = PBXGroup;
			children = (
				0255995920ED19C800760841 /* Concentration.swift */,
				0255995B20ED1A7F00760841 /* Card.swift */,
			);
			path = Models;
			sourceTree = "<group>";
		};
		02881DB520E7EA42007E4FC8 = {
			isa = PBXGroup;
			children = (
				02881DC020E7EA42007E4FC8 /* ios11-stanford */,
				02881DBF20E7EA42007E4FC8 /* Products */,
			);
			sourceTree = "<group>";
		};
		02881DBF20E7EA42007E4FC8 /* Products */ = {
			isa = PBXGroup;
			children = (
				02881DBE20E7EA42007E4FC8 /* ios11-stanford.app */,
			);
			name = Products;
			sourceTree = "<group>";
		};
		02881DC020E7EA42007E4FC8 /* ios11-stanford */ = {
			isa = PBXGroup;
			children = (
				025A06C520FF8A6000A23FAC /* Models */,
				025A06C420FF8A5100A23FAC /* Controllers */,
				02881DC120E7EA42007E4FC8 /* AppDelegate.swift */,
				02881DC520E7EA42007E4FC8 /* Main.storyboard */,
				02881DC820E7EA43007E4FC8 /* Assets.xcassets */,
				02881DCA20E7EA43007E4FC8 /* LaunchScreen.storyboard */,
				02881DCD20E7EA43007E4FC8 /* Info.plist */,
			);
			path = "ios11-stanford";
			sourceTree = "<group>";
		};
/* End PBXGroup section */

/* Begin PBXNativeTarget section */
		02881DBD20E7EA42007E4FC8 /* ios11-stanford */ = {
			isa = PBXNativeTarget;
			buildConfigurationList = 02881DD020E7EA43007E4FC8 /* Build configuration list for PBXNativeTarget "ios11-stanford" */;
			buildPhases = (
				02881DBA20E7EA42007E4FC8 /* Sources */,
				02881DBB20E7EA42007E4FC8 /* Frameworks */,
				02881DBC20E7EA42007E4FC8 /* Resources */,
			);
			buildRules = (
			);
			dependencies = (
			);
			name = "ios11-stanford";
			productName = "ios11-stanford";
			productReference = 02881DBE20E7EA42007E4FC8 /* ios11-stanford.app */;
			productType = "com.apple.product-type.application";
		};
/* End PBXNativeTarget section */

/* Begin PBXProject section */
		02881DB620E7EA42007E4FC8 /* Project object */ = {
			isa = PBXProject;
			attributes = {
				LastSwiftUpdateCheck = 0940;
				LastUpgradeCheck = 0940;
				ORGANIZATIONNAME = "Phuc Nguyen";
				TargetAttributes = {
					02881DBD20E7EA42007E4FC8 = {
						CreatedOnToolsVersion = 9.4.1;
					};
				};
			};
			buildConfigurationList = 02881DB920E7EA42007E4FC8 /* Build configuration list for PBXProject "ios11-stanford" */;
			compatibilityVersion = "Xcode 9.3";
			developmentRegion = en;
			hasScannedForEncodings = 0;
			knownRegions = (
				en,
				Base,
			);
			mainGroup = 02881DB520E7EA42007E4FC8;
			productRefGroup = 02881DBF20E7EA42007E4FC8 /* Products */;
			projectDirPath = "";
			projectRoot = "";
			targets = (
				02881DBD20E7EA42007E4FC8 /* ios11-stanford */,
			);
		};
/* End PBXProject section */

/* Begin PBXResourcesBuildPhase section */
		02881DBC20E7EA42007E4FC8 /* Resources */ = {
			isa = PBXResourcesBuildPhase;
			buildActionMask = 2147483647;
			files = (
				02881DCC20E7EA43007E4FC8 /* LaunchScreen.storyboard in Resources */,
				02881DC920E7EA43007E4FC8 /* Assets.xcassets in Resources */,
				02881DC720E7EA42007E4FC8 /* Main.storyboard in Resources */,
			);
			runOnlyForDeploymentPostprocessing = 0;
		};
/* End PBXResourcesBuildPhase section */

/* Begin PBXSourcesBuildPhase section */
		02881DBA20E7EA42007E4FC8 /* Sources */ = {
			isa = PBXSourcesBuildPhase;
			buildActionMask = 2147483647;
			files = (
				02881DC420E7EA42007E4FC8 /* ViewController.swift in Sources */,
				02881DC220E7EA42007E4FC8 /* AppDelegate.swift in Sources */,
				0255995A20ED19C800760841 /* Concentration.swift in Sources */,
				0255995C20ED1A7F00760841 /* Card.swift in Sources */,
			);
			runOnlyForDeploymentPostprocessing = 0;
		};
/* End PBXSourcesBuildPhase section */

/* Begin PBXVariantGroup section */
		02881DC520E7EA42007E4FC8 /* Main.storyboard */ = {
			isa = PBXVariantGroup;
			children = (
				02881DC620E7EA42007E4FC8 /* Base */,
			);
			name = Main.storyboard;
			sourceTree = "<group>";
		};
		02881DCA20E7EA43007E4FC8 /* LaunchScreen.storyboard */ = {
			isa = PBXVariantGroup;
			children = (
				02881DCB20E7EA43007E4FC8 /* Base */,
			);
			name = LaunchScreen.storyboard;
			sourceTree = "<group>";
		};
/* End PBXVariantGroup section */

/* Begin XCBuildConfiguration section */
		02881DCE20E7EA43007E4FC8 /* Debug */ = {
			isa = XCBuildConfiguration;
			buildSettings = {
				ALWAYS_SEARCH_USER_PATHS = NO;
				CLANG_ANALYZER_NONNULL = YES;
				CLANG_ANALYZER_NUMBER_OBJECT_CONVERSION = YES_AGGRESSIVE;
				CLANG_CXX_LANGUAGE_STANDARD = "gnu++14";
				CLANG_CXX_LIBRARY = "libc++";
				CLANG_ENABLE_MODULES = YES;
				CLANG_ENABLE_OBJC_ARC = YES;
				CLANG_ENABLE_OBJC_WEAK = YES;
				CLANG_WARN_BLOCK_CAPTURE_AUTORELEASING = YES;
				CLANG_WARN_BOOL_CONVERSION = YES;
				CLANG_WARN_COMMA = YES;
				CLANG_WARN_CONSTANT_CONVERSION = YES;
				CLANG_WARN_DEPRECATED_OBJC_IMPLEMENTATIONS = YES;
				CLANG_WARN_DIRECT_OBJC_ISA_USAGE = YES_ERROR;
				CLANG_WARN_DOCUMENTATION_COMMENTS = YES;
				CLANG_WARN_EMPTY_BODY = YES;
				CLANG_WARN_ENUM_CONVERSION = YES;
				CLANG_WARN_INFINITE_RECURSION = YES;
				CLANG_WARN_INT_CONVERSION = YES;
				CLANG_WARN_NON_LITERAL_NULL_CONVERSION = YES;
				CLANG_WARN_OBJC_IMPLICIT_RETAIN_SELF = YES;
				CLANG_WARN_OBJC_LITERAL_CONVERSION = YES;
				CLANG_WARN_OBJC_ROOT_CLASS = YES_ERROR;
				CLANG_WARN_RANGE_LOOP_ANALYSIS = YES;
				CLANG_WARN_STRICT_PROTOTYPES = YES;
				CLANG_WARN_SUSPICIOUS_MOVE = YES;
				CLANG_WARN_UNGUARDED_AVAILABILITY = YES_AGGRESSIVE;
				CLANG_WARN_UNREACHABLE_CODE = YES;
				CLANG_WARN__DUPLICATE_METHOD_MATCH = YES;
				CODE_SIGN_IDENTITY = "iPhone Developer";
				COPY_PHASE_STRIP = NO;
				DEBUG_INFORMATION_FORMAT = dwarf;
				ENABLE_STRICT_OBJC_MSGSEND = YES;
				ENABLE_TESTABILITY = YES;
				GCC_C_LANGUAGE_STANDARD = gnu11;
				GCC_DYNAMIC_NO_PIC = NO;
				GCC_NO_COMMON_BLOCKS = YES;
				GCC_OPTIMIZATION_LEVEL = 0;
				GCC_PREPROCESSOR_DEFINITIONS = (
					"DEBUG=1",
					"$(inherited)",
				);
				GCC_WARN_64_TO_32_BIT_CONVERSION = YES;
				GCC_WARN_ABOUT_RETURN_TYPE = YES_ERROR;
				GCC_WARN_UNDECLARED_SELECTOR = YES;
				GCC_WARN_UNINITIALIZED_AUTOS = YES_AGGRESSIVE;
				GCC_WARN_UNUSED_FUNCTION = YES;
				GCC_WARN_UNUSED_VARIABLE = YES;
				IPHONEOS_DEPLOYMENT_TARGET = 11.4;
				MTL_ENABLE_DEBUG_INFO = YES;
				ONLY_ACTIVE_ARCH = YES;
				SDKROOT = iphoneos;
				SWIFT_ACTIVE_COMPILATION_CONDITIONS = DEBUG;
				SWIFT_OPTIMIZATION_LEVEL = "-Onone";
			};
			name = Debug;
		};
		02881DCF20E7EA43007E4FC8 /* Release */ = {
			isa = XCBuildConfiguration;
			buildSettings = {
				ALWAYS_SEARCH_USER_PATHS = NO;
				CLANG_ANALYZER_NONNULL = YES;
				CLANG_ANALYZER_NUMBER_OBJECT_CONVERSION = YES_AGGRESSIVE;
				CLANG_CXX_LANGUAGE_STANDARD = "gnu++14";
				CLANG_CXX_LIBRARY = "libc++";
				CLANG_ENABLE_MODULES = YES;
				CLANG_ENABLE_OBJC_ARC = YES;
				CLANG_ENABLE_OBJC_WEAK = YES;
				CLANG_WARN_BLOCK_CAPTURE_AUTORELEASING = YES;
				CLANG_WARN_BOOL_CONVERSION = YES;
				CLANG_WARN_COMMA = YES;
				CLANG_WARN_CONSTANT_CONVERSION = YES;
				CLANG_WARN_DEPRECATED_OBJC_IMPLEMENTATIONS = YES;
				CLANG_WARN_DIRECT_OBJC_ISA_USAGE = YES_ERROR;
				CLANG_WARN_DOCUMENTATION_COMMENTS = YES;
				CLANG_WARN_EMPTY_BODY = YES;
				CLANG_WARN_ENUM_CONVERSION = YES;
				CLANG_WARN_INFINITE_RECURSION = YES;
				CLANG_WARN_INT_CONVERSION = YES;
				CLANG_WARN_NON_LITERAL_NULL_CONVERSION = YES;
				CLANG_WARN_OBJC_IMPLICIT_RETAIN_SELF = YES;
				CLANG_WARN_OBJC_LITERAL_CONVERSION = YES;
				CLANG_WARN_OBJC_ROOT_CLASS = YES_ERROR;
				CLANG_WARN_RANGE_LOOP_ANALYSIS = YES;
				CLANG_WARN_STRICT_PROTOTYPES = YES;
				CLANG_WARN_SUSPICIOUS_MOVE = YES;
				CLANG_WARN_UNGUARDED_AVAILABILITY = YES_AGGRESSIVE;
				CLANG_WARN_UNREACHABLE_CODE = YES;
				CLANG_WARN__DUPLICATE_METHOD_MATCH = YES;
				CODE_SIGN_IDENTITY = "iPhone Developer";
				COPY_PHASE_STRIP = NO;
				DEBUG_INFORMATION_FORMAT = "dwarf-with-dsym";
				ENABLE_NS_ASSERTIONS = NO;
				ENABLE_STRICT_OBJC_MSGSEND = YES;
				GCC_C_LANGUAGE_STANDARD = gnu11;
				GCC_NO_COMMON_BLOCKS = YES;
				GCC_WARN_64_TO_32_BIT_CONVERSION = YES;
				GCC_WARN_ABOUT_RETURN_TYPE = YES_ERROR;
				GCC_WARN_UNDECLARED_SELECTOR = YES;
				GCC_WARN_UNINITIALIZED_AUTOS = YES_AGGRESSIVE;
				GCC_WARN_UNUSED_FUNCTION = YES;
				GCC_WARN_UNUSED_VARIABLE = YES;
				IPHONEOS_DEPLOYMENT_TARGET = 11.4;
				MTL_ENABLE_DEBUG_INFO = NO;
				SDKROOT = iphoneos;
				SWIFT_COMPILATION_MODE = wholemodule;
				SWIFT_OPTIMIZATION_LEVEL = "-O";
				VALIDATE_PRODUCT = YES;
			};
			name = Release;
		};
		02881DD120E7EA43007E4FC8 /* Debug */ = {
			isa = XCBuildConfiguration;
			buildSettings = {
				ASSETCATALOG_COMPILER_APPICON_NAME = AppIcon;
				CODE_SIGN_STYLE = Automatic;
				DEVELOPMENT_TEAM = 3X8QMJ2C7H;
				INFOPLIST_FILE = "ios11-stanford/Info.plist";
				LD_RUNPATH_SEARCH_PATHS = (
					"$(inherited)",
					"@executable_path/Frameworks",
				);
				PRODUCT_BUNDLE_IDENTIFIER = "com.phucng.ios11-stanford";
				PRODUCT_NAME = "$(TARGET_NAME)";
				SWIFT_VERSION = 4.0;
				TARGETED_DEVICE_FAMILY = "1,2";
			};
			name = Debug;
		};
		02881DD220E7EA43007E4FC8 /* Release */ = {
			isa = XCBuildConfiguration;
			buildSettings = {
				ASSETCATALOG_COMPILER_APPICON_NAME = AppIcon;
				CODE_SIGN_STYLE = Automatic;
				DEVELOPMENT_TEAM = 3X8QMJ2C7H;
				INFOPLIST_FILE = "ios11-stanford/Info.plist";
				LD_RUNPATH_SEARCH_PATHS = (
					"$(inherited)",
					"@executable_path/Frameworks",
				);
				PRODUCT_BUNDLE_IDENTIFIER = "com.phucng.ios11-stanford";
				PRODUCT_NAME = "$(TARGET_NAME)";
				SWIFT_VERSION = 4.0;
				TARGETED_DEVICE_FAMILY = "1,2";
			};
			name = Release;
		};
/* End XCBuildConfiguration section */

/* Begin XCConfigurationList section */
		02881DB920E7EA42007E4FC8 /* Build configuration list for PBXProject "ios11-stanford" */ = {
			isa = XCConfigurationList;
			buildConfigurations = (
				02881DCE20E7EA43007E4FC8 /* Debug */,
				02881DCF20E7EA43007E4FC8 /* Release */,
			);
			defaultConfigurationIsVisible = 0;
			defaultConfigurationName = Release;
		};
		02881DD020E7EA43007E4FC8 /* Build configuration list for PBXNativeTarget "ios11-stanford" */ = {
			isa = XCConfigurationList;
			buildConfigurations = (
				02881DD120E7EA43007E4FC8 /* Debug */,
				02881DD220E7EA43007E4FC8 /* Release */,
			);
			defaultConfigurationIsVisible = 0;
			defaultConfigurationName = Release;
		};
/* End XCConfigurationList section */
	};
	rootObject = 02881DB620E7EA42007E4FC8 /* Project object */;
}
